
Microsoft Visual Studio Solution File, Format Version 12.00
# Visual Studio Version 17
VisualStudioVersion = 17.0.32002.185
MinimumVisualStudioVersion = 10.0.40219.1
Project("{FAE04EC0-301F-11D3-BF4B-00C04F79EFBC}") = "RepositoryBase", "RepositotryBase\RepositoryBase.csproj", "{4F352A8E-7DD9-41A8-82C6-B2BC541150B3}"
EndProject
Project("{FAE04EC0-301F-11D3-BF4B-00C04F79EFBC}") = "Vendas", "Vendas\Vendas.csproj", "{EB5547C0-52DD-40BA-9978-6D69DB4D2289}"
EndProject
Global
	GlobalSection(SolutionConfigurationPlatforms) = preSolution
		Debug|Any CPU = Debug|Any CPU
		Release|Any CPU = Release|Any CPU
	EndGlobalSection
	GlobalSection(ProjectConfigurationPlatforms) = postSolution
		{4F352A8E-7DD9-41A8-82C6-B2BC541150B3}.Debug|Any CPU.ActiveCfg = Debug|Any CPU
		{4F352A8E-7DD9-41A8-82C6-B2BC541150B3}.Debug|Any CPU.Build.0 = Debug|Any CPU
		{4F352A8E-7DD9-41A8-82C6-B2BC541150B3}.Release|Any CPU.ActiveCfg = Release|Any CPU
		{4F352A8E-7DD9-41A8-82C6-B2BC541150B3}.Release|Any CPU.Build.0 = Release|Any CPU
		{EB5547C0-52DD-40BA-9978-6D69DB4D2289}.Debug|Any CPU.ActiveCfg = Debug|Any CPU
		{EB5547C0-52DD-40BA-9978-6D69DB4D2289}.Debug|Any CPU.Build.0 = Debug|Any CPU
		{EB5547C0-52DD-40BA-9978-6D69DB4D2289}.Release|Any CPU.ActiveCfg = Release|Any CPU
		{EB5547C0-52DD-40BA-9978-6D69DB4D2289}.Release|Any CPU.Build.0 = Release|Any CPU
	EndGlobalSection
	GlobalSection(SolutionProperties) = preSolution
		HideSolutionNode = FALSE
	EndGlobalSection
	GlobalSection(ExtensibilityGlobals) = postSolution
		SolutionGuid = {FBE7FE63-A7DD-438C-9558-5EE6D2118C70}
	EndGlobalSection
EndGlobal
